{
  "name": "workspace",
  "lockfileVersion": 2,
  "requires": true,
  "packages": {
    "": {
      "dependencies": {
        "chart.js": "^3.7.0"
      }
    },
    "node_modules/chart.js": {
      "version": "3.7.0",
      "resolved": "https://registry.npmjs.org/chart.js/-/chart.js-3.7.0.tgz",
      "integrity": "sha512-31gVuqqKp3lDIFmzpKIrBeum4OpZsQjSIAqlOpgjosHDJZlULtvwLEZKtEhIAZc7JMPaHlYMys40Qy9Mf+1AAg=="
    }
  },
  "dependencies": {
    "chart.js": {
      "version": "3.7.0",
      "resolved": "https://registry.npmjs.org/chart.js/-/chart.js-3.7.0.tgz",
      "integrity": "sha512-31gVuqqKp3lDIFmzpKIrBeum4OpZsQjSIAqlOpgjosHDJZlULtvwLEZKtEhIAZc7JMPaHlYMys40Qy9Mf+1AAg=="
    }
  }
}
